
Microsoft Visual Studio Solution File, Format Version 12.00
# Visual Studio Version 17
VisualStudioVersion = 17.4.33213.308
MinimumVisualStudioVersion = 10.0.40219.1
Project("{FAE04EC0-301F-11D3-BF4B-00C04F79EFBC}") = "VariavelAeB", "VariavelAeB\VariavelAeB.csproj", "{15304C0F-FFEA-47FB-9C19-F7D37BDFBC53}"
EndProject
Global
	GlobalSection(SolutionConfigurationPlatforms) = preSolution
		Debug|Any CPU = Debug|Any CPU
		Release|Any CPU = Release|Any CPU
	EndGlobalSection
	GlobalSection(ProjectConfigurationPlatforms) = postSolution
		{15304C0F-FFEA-47FB-9C19-F7D37BDFBC53}.Debug|Any CPU.ActiveCfg = Debug|Any CPU
		{15304C0F-FFEA-47FB-9C19-F7D37BDFBC53}.Debug|Any CPU.Build.0 = Debug|Any CPU
		{15304C0F-FFEA-47FB-9C19-F7D37BDFBC53}.Release|Any CPU.ActiveCfg = Release|Any CPU
		{15304C0F-FFEA-47FB-9C19-F7D37BDFBC53}.Release|Any CPU.Build.0 = Release|Any CPU
	EndGlobalSection
	GlobalSection(SolutionProperties) = preSolution
		HideSolutionNode = FALSE
	EndGlobalSection
	GlobalSection(ExtensibilityGlobals) = postSolution
		SolutionGuid = {775442E6-8BF3-4A4F-9712-AB8DE43E871E}
	EndGlobalSection
EndGlobal
